
Microsoft Visual Studio Solution File, Format Version 12.00
# Visual Studio 15
VisualStudioVersion = 15.0.27703.2026
MinimumVisualStudioVersion = 10.0.40219.1
Project("{FAE04EC0-301F-11D3-BF4B-00C04F79EFBC}") = "LLMerge", "LLMerge\LLMerge.csproj", "{98A686D0-D52E-4FCB-9EA4-59D0DA6DFB0B}"
EndProject
Project("{FAE04EC0-301F-11D3-BF4B-00C04F79EFBC}") = "Unit-Tests", "Unit-Tests\Unit-Tests.csproj", "{6854EB8D-A835-46B2-96A5-38D419930346}"
EndProject
Global
	GlobalSection(SolutionConfigurationPlatforms) = preSolution
		Debug|Any CPU = Debug|Any CPU
		Release|Any CPU = Release|Any CPU
	EndGlobalSection
	GlobalSection(ProjectConfigurationPlatforms) = postSolution
		{98A686D0-D52E-4FCB-9EA4-59D0DA6DFB0B}.Debug|Any CPU.ActiveCfg = Debug|Any CPU
		{98A686D0-D52E-4FCB-9EA4-59D0DA6DFB0B}.Debug|Any CPU.Build.0 = Debug|Any CPU
		{98A686D0-D52E-4FCB-9EA4-59D0DA6DFB0B}.Release|Any CPU.ActiveCfg = Release|Any CPU
		{98A686D0-D52E-4FCB-9EA4-59D0DA6DFB0B}.Release|Any CPU.Build.0 = Release|Any CPU
		{6854EB8D-A835-46B2-96A5-38D419930346}.Debug|Any CPU.ActiveCfg = Debug|Any CPU
		{6854EB8D-A835-46B2-96A5-38D419930346}.Debug|Any CPU.Build.0 = Debug|Any CPU
		{6854EB8D-A835-46B2-96A5-38D419930346}.Release|Any CPU.ActiveCfg = Release|Any CPU
		{6854EB8D-A835-46B2-96A5-38D419930346}.Release|Any CPU.Build.0 = Release|Any CPU
	EndGlobalSection
	GlobalSection(SolutionProperties) = preSolution
		HideSolutionNode = FALSE
	EndGlobalSection
	GlobalSection(ExtensibilityGlobals) = postSolution
		SolutionGuid = {F3BA47A6-A322-4BE5-9237-F074F57AC37B}
	EndGlobalSection
EndGlobal
