
Microsoft Visual Studio Solution File, Format Version 12.00
# Visual Studio 15
VisualStudioVersion = 15.0.27703.2026
MinimumVisualStudioVersion = 10.0.40219.1
Project("{FAE04EC0-301F-11D3-BF4B-00C04F79EFBC}") = "ArrayReverse", "ArrayReverse\ArrayReverse.csproj", "{BB577C46-6125-4957-8858-BADF4B73440D}"
EndProject
Global
	GlobalSection(SolutionConfigurationPlatforms) = preSolution
		Debug|Any CPU = Debug|Any CPU
		Release|Any CPU = Release|Any CPU
	EndGlobalSection
	GlobalSection(ProjectConfigurationPlatforms) = postSolution
		{BB577C46-6125-4957-8858-BADF4B73440D}.Debug|Any CPU.ActiveCfg = Debug|Any CPU
		{BB577C46-6125-4957-8858-BADF4B73440D}.Debug|Any CPU.Build.0 = Debug|Any CPU
		{BB577C46-6125-4957-8858-BADF4B73440D}.Release|Any CPU.ActiveCfg = Release|Any CPU
		{BB577C46-6125-4957-8858-BADF4B73440D}.Release|Any CPU.Build.0 = Release|Any CPU
	EndGlobalSection
	GlobalSection(SolutionProperties) = preSolution
		HideSolutionNode = FALSE
	EndGlobalSection
	GlobalSection(ExtensibilityGlobals) = postSolution
		SolutionGuid = {24EBEEFA-580D-4A19-8612-A2485D9806E1}
	EndGlobalSection
EndGlobal
