
Microsoft Visual Studio Solution File, Format Version 12.00
# Visual Studio 15
VisualStudioVersion = 15.0.27703.2026
MinimumVisualStudioVersion = 10.0.40219.1
Project("{FAE04EC0-301F-11D3-BF4B-00C04F79EFBC}") = "FindMaxBinaryTree", "FindMaxBinaryTree\FindMaxBinaryTree.csproj", "{EF0CBD7E-EF45-4D0A-8B12-1EF6E66ED868}"
EndProject
Global
	GlobalSection(SolutionConfigurationPlatforms) = preSolution
		Debug|Any CPU = Debug|Any CPU
		Release|Any CPU = Release|Any CPU
	EndGlobalSection
	GlobalSection(ProjectConfigurationPlatforms) = postSolution
		{EF0CBD7E-EF45-4D0A-8B12-1EF6E66ED868}.Debug|Any CPU.ActiveCfg = Debug|Any CPU
		{EF0CBD7E-EF45-4D0A-8B12-1EF6E66ED868}.Debug|Any CPU.Build.0 = Debug|Any CPU
		{EF0CBD7E-EF45-4D0A-8B12-1EF6E66ED868}.Release|Any CPU.ActiveCfg = Release|Any CPU
		{EF0CBD7E-EF45-4D0A-8B12-1EF6E66ED868}.Release|Any CPU.Build.0 = Release|Any CPU
	EndGlobalSection
	GlobalSection(SolutionProperties) = preSolution
		HideSolutionNode = FALSE
	EndGlobalSection
	GlobalSection(ExtensibilityGlobals) = postSolution
		SolutionGuid = {AD5C9BDF-1FDF-4202-B2A3-858D72377E2E}
	EndGlobalSection
EndGlobal
