
Microsoft Visual Studio Solution File, Format Version 12.00
# Visual Studio 15
VisualStudioVersion = 15.0.27703.2026
MinimumVisualStudioVersion = 10.0.40219.1
Project("{FAE04EC0-301F-11D3-BF4B-00C04F79EFBC}") = "Stack_and_Queue", "Stack_and_Queue\Stack_and_Queue.csproj", "{ACF7695F-5E68-43DB-AD77-3DB446EB33F7}"
EndProject
Global
	GlobalSection(SolutionConfigurationPlatforms) = preSolution
		Debug|Any CPU = Debug|Any CPU
		Release|Any CPU = Release|Any CPU
	EndGlobalSection
	GlobalSection(ProjectConfigurationPlatforms) = postSolution
		{ACF7695F-5E68-43DB-AD77-3DB446EB33F7}.Debug|Any CPU.ActiveCfg = Debug|Any CPU
		{ACF7695F-5E68-43DB-AD77-3DB446EB33F7}.Debug|Any CPU.Build.0 = Debug|Any CPU
		{ACF7695F-5E68-43DB-AD77-3DB446EB33F7}.Release|Any CPU.ActiveCfg = Release|Any CPU
		{ACF7695F-5E68-43DB-AD77-3DB446EB33F7}.Release|Any CPU.Build.0 = Release|Any CPU
	EndGlobalSection
	GlobalSection(SolutionProperties) = preSolution
		HideSolutionNode = FALSE
	EndGlobalSection
	GlobalSection(ExtensibilityGlobals) = postSolution
		SolutionGuid = {DC7B2FA9-0643-4D03-98F5-80C3C621C0A0}
	EndGlobalSection
EndGlobal
