
Microsoft Visual Studio Solution File, Format Version 12.00
# Visual Studio 15
VisualStudioVersion = 15.0.27703.2026
MinimumVisualStudioVersion = 10.0.40219.1
Project("{FAE04EC0-301F-11D3-BF4B-00C04F79EFBC}") = "LinkedLists", "LinkedLists\LinkedLists.csproj", "{50574A03-93A7-425C-9274-F0F5F9AF5399}"
EndProject
Project("{FAE04EC0-301F-11D3-BF4B-00C04F79EFBC}") = "Unit-Tests", "Unit-Tests\Unit-Tests.csproj", "{2BB2D825-97F8-4A3B-B7F1-643656F5A87A}"
EndProject
Global
	GlobalSection(SolutionConfigurationPlatforms) = preSolution
		Debug|Any CPU = Debug|Any CPU
		Release|Any CPU = Release|Any CPU
	EndGlobalSection
	GlobalSection(ProjectConfigurationPlatforms) = postSolution
		{50574A03-93A7-425C-9274-F0F5F9AF5399}.Debug|Any CPU.ActiveCfg = Debug|Any CPU
		{50574A03-93A7-425C-9274-F0F5F9AF5399}.Debug|Any CPU.Build.0 = Debug|Any CPU
		{50574A03-93A7-425C-9274-F0F5F9AF5399}.Release|Any CPU.ActiveCfg = Release|Any CPU
		{50574A03-93A7-425C-9274-F0F5F9AF5399}.Release|Any CPU.Build.0 = Release|Any CPU
		{2BB2D825-97F8-4A3B-B7F1-643656F5A87A}.Debug|Any CPU.ActiveCfg = Debug|Any CPU
		{2BB2D825-97F8-4A3B-B7F1-643656F5A87A}.Debug|Any CPU.Build.0 = Debug|Any CPU
		{2BB2D825-97F8-4A3B-B7F1-643656F5A87A}.Release|Any CPU.ActiveCfg = Release|Any CPU
		{2BB2D825-97F8-4A3B-B7F1-643656F5A87A}.Release|Any CPU.Build.0 = Release|Any CPU
	EndGlobalSection
	GlobalSection(SolutionProperties) = preSolution
		HideSolutionNode = FALSE
	EndGlobalSection
	GlobalSection(ExtensibilityGlobals) = postSolution
		SolutionGuid = {FD44EF8C-307B-4AD4-9FB2-4A7B722BBA6F}
	EndGlobalSection
EndGlobal
