
Microsoft Visual Studio Solution File, Format Version 12.00
# Visual Studio 15
VisualStudioVersion = 15.0.27703.2026
MinimumVisualStudioVersion = 10.0.40219.1
Project("{FAE04EC0-301F-11D3-BF4B-00C04F79EFBC}") = "LLKthElementFromEnd", "LLKthElementFromEnd\LLKthElementFromEnd.csproj", "{F30C5C12-BB10-4582-A376-3378B1D05114}"
EndProject
Project("{FAE04EC0-301F-11D3-BF4B-00C04F79EFBC}") = "Unit-Tests", "Unit-Tests\Unit-Tests.csproj", "{3AE85074-1DF1-4628-A575-8823C85BF962}"
EndProject
Global
	GlobalSection(SolutionConfigurationPlatforms) = preSolution
		Debug|Any CPU = Debug|Any CPU
		Release|Any CPU = Release|Any CPU
	EndGlobalSection
	GlobalSection(ProjectConfigurationPlatforms) = postSolution
		{F30C5C12-BB10-4582-A376-3378B1D05114}.Debug|Any CPU.ActiveCfg = Debug|Any CPU
		{F30C5C12-BB10-4582-A376-3378B1D05114}.Debug|Any CPU.Build.0 = Debug|Any CPU
		{F30C5C12-BB10-4582-A376-3378B1D05114}.Release|Any CPU.ActiveCfg = Release|Any CPU
		{F30C5C12-BB10-4582-A376-3378B1D05114}.Release|Any CPU.Build.0 = Release|Any CPU
		{3AE85074-1DF1-4628-A575-8823C85BF962}.Debug|Any CPU.ActiveCfg = Debug|Any CPU
		{3AE85074-1DF1-4628-A575-8823C85BF962}.Debug|Any CPU.Build.0 = Debug|Any CPU
		{3AE85074-1DF1-4628-A575-8823C85BF962}.Release|Any CPU.ActiveCfg = Release|Any CPU
		{3AE85074-1DF1-4628-A575-8823C85BF962}.Release|Any CPU.Build.0 = Release|Any CPU
	EndGlobalSection
	GlobalSection(SolutionProperties) = preSolution
		HideSolutionNode = FALSE
	EndGlobalSection
	GlobalSection(ExtensibilityGlobals) = postSolution
		SolutionGuid = {624A76FD-A8AF-46B6-8F30-18C9DD0F171D}
	EndGlobalSection
EndGlobal
